# This file is automatically @generated by Cargo.
# It is not intended for manual editing.
version = 4

[[package]]
name = "ds4-cli"
version = "0.1.0-rc.4"
dependencies = [
 "ds4-core",
 "ds4-dist",
 "ds4-kv",
 "ds4-web",
 "libc",
]

[[package]]
name = "ds4-core"
version = "0.1.0-rc.4"
dependencies = [
 "ds4-sys",
]

[[package]]
name = "ds4-dist"
version = "0.1.0-rc.4"

[[package]]
name = "ds4-kv"
version = "0.1.0-rc.4"

[[package]]
name = "ds4-server"
version = "0.1.0-rc.4"
dependencies = [
 "ds4-core",
 "ds4-dist",
 "ds4-kv",
 "ds4-sys",
]

[[package]]
name = "ds4-sys"
version = "0.1.0-rc.4"
dependencies = [
 "libc",
]

[[package]]
name = "ds4-web"
version = "0.1.0-rc.4"

[[package]]
name = "libc"
version = "0.2.189"
source = "registry+https://github.com/rust-lang/crates.io-index"
checksum = "3eaf3ede3fee6db1a4c2ee091bf8a8b4dccdc6d17f656fb07896ee72867612f2"
